
Microsoft Visual Studio Solution File, Format Version 12.00
# Visual Studio 15
Project("{FAE04EC0-301F-11D3-BF4B-00C04F79EFBC}") = "ARContentCloud1.0", "ARContentCloud1.0.csproj", "{4278D826-970E-A844-4B80-6C7578B5312A}"
EndProject
Project("{FAE04EC0-301F-11D3-BF4B-00C04F79EFBC}") = "ARContentCloud1.0.Editor", "ARContentCloud1.0.Editor.csproj", "{5AF8D081-30FD-5588-1405-5637A29E123E}"
EndProject
Global
	GlobalSection(SolutionConfigurationPlatforms) = preSolution
		Debug|Any CPU = Debug|Any CPU
		Release|Any CPU = Release|Any CPU
	EndGlobalSection
	GlobalSection(ProjectConfigurationPlatforms) = postSolution
		{4278D826-970E-A844-4B80-6C7578B5312A}.Debug|Any CPU.ActiveCfg = Debug|Any CPU
		{4278D826-970E-A844-4B80-6C7578B5312A}.Debug|Any CPU.Build.0 = Debug|Any CPU
		{4278D826-970E-A844-4B80-6C7578B5312A}.Release|Any CPU.ActiveCfg = Release|Any CPU
		{4278D826-970E-A844-4B80-6C7578B5312A}.Release|Any CPU.Build.0 = Release|Any CPU
		{5AF8D081-30FD-5588-1405-5637A29E123E}.Debug|Any CPU.ActiveCfg = Debug|Any CPU
		{5AF8D081-30FD-5588-1405-5637A29E123E}.Debug|Any CPU.Build.0 = Debug|Any CPU
		{5AF8D081-30FD-5588-1405-5637A29E123E}.Release|Any CPU.ActiveCfg = Release|Any CPU
		{5AF8D081-30FD-5588-1405-5637A29E123E}.Release|Any CPU.Build.0 = Release|Any CPU
	EndGlobalSection
	GlobalSection(SolutionProperties) = preSolution
		HideSolutionNode = FALSE
	EndGlobalSection
EndGlobal
